# Generuje `sowa review --confirm-docs`, nie edytuj ręcznie. Plik należy do właściciela w CODEOWNERS.
# przez: doc / why = odnośnik z kodu do .md, {} = odnośnik {Symbol} z .md do kodu.
# hash: sygnatura funkcji, definicja typu albo, dla nagłówka pliku, wszystkie definicje w pliku.
# opis                                                                             symbol                 przez  hash    kto                 przejrzane
decyzje/001-vat-od-sumy-w-stawce.md                                                totals                 why    79960b  reviewer@intum.com  2026-09-27
decyzje/001-vat-od-sumy-w-stawce.md#001-vat-liczymy-od-sumy-netto-w-każdej-stawce  totals                 {}     79960b  reviewer@intum.com  2026-09-27
decyzje/001-vat-od-sumy-w-stawce.md#dlaczego                                       totals                 {}     79960b  reviewer@intum.com  2026-09-27
decyzje/002-numeracja-bez-luk.md                                                   issue_invoice          why    86788f  reviewer@intum.com  2026-09-27
decyzje/002-numeracja-bez-luk.md                                                   save_with_next_number  why    97cc8c  reviewer@intum.com  2026-09-27
decyzje/002-numeracja-bez-luk.md                                                   src/numbering.sowa     why    0f16b2  reviewer@intum.com  2026-09-27
decyzje/002-numeracja-bez-luk.md#002-numeracja-bez-luk                             issue_invoice          {}     86788f  reviewer@intum.com  2026-09-27
decyzje/002-numeracja-bez-luk.md#002-numeracja-bez-luk                             save_with_next_number  {}     97cc8c  reviewer@intum.com  2026-09-27
decyzje/003-wysylka-osobno.md                                                      issue_invoice          why    86788f  reviewer@intum.com  2026-09-27
decyzje/003-wysylka-osobno.md                                                      send_invoice           why    91bf7a  reviewer@intum.com  2026-09-27
decyzje/003-wysylka-osobno.md                                                      src/sending.sowa       why    41f625  reviewer@intum.com  2026-09-27
decyzje/003-wysylka-osobno.md#003-wysyłka-e-mailem-jest-osobnym-krokiem            issue_invoice          {}     86788f  reviewer@intum.com  2026-09-27
decyzje/003-wysylka-osobno.md#003-wysyłka-e-mailem-jest-osobnym-krokiem            send_invoice           {}     91bf7a  reviewer@intum.com  2026-09-27
decyzje/003-wysylka-osobno.md#decyzja                                              issue_invoice          {}     86788f  reviewer@intum.com  2026-09-27
decyzje/003-wysylka-osobno.md#decyzja                                              send_invoice           {}     91bf7a  reviewer@intum.com  2026-09-27
decyzje/003-wysylka-osobno.md#dlaczego                                             issue_invoice          {}     86788f  reviewer@intum.com  2026-09-27
decyzje/003-wysylka-osobno.md#konsekwencje                                         issue_invoice          {}     86788f  reviewer@intum.com  2026-09-27
uzytkownik/faktury.md#faktury                                                      Percent                {}     0424ef  reviewer@intum.com  2026-09-27
uzytkownik/faktury.md#płatność                                                     mark_paid              doc    17daf8  reviewer@intum.com  2026-09-27
uzytkownik/faktury.md#płatność                                                     mark_paid              {}     17daf8  reviewer@intum.com  2026-09-27
uzytkownik/faktury.md#rabat                                                        Percent                {}     0424ef  reviewer@intum.com  2026-09-27
uzytkownik/faktury.md#rabat                                                        line_net               doc    e61fd6  reviewer@intum.com  2026-09-27
uzytkownik/faktury.md#rabat                                                        line_net               {}     e61fd6  reviewer@intum.com  2026-09-27
uzytkownik/faktury.md#stawki-vat                                                   VatRate                doc    f024bb  reviewer@intum.com  2026-09-27
uzytkownik/faktury.md#stawki-vat                                                   VatRate                {}     f024bb  reviewer@intum.com  2026-09-27
uzytkownik/faktury.md#sumy-i-zaokrąglenia                                          totals                 doc    79960b  reviewer@intum.com  2026-09-27
uzytkownik/faktury.md#sumy-i-zaokrąglenia                                          totals                 {}     79960b  reviewer@intum.com  2026-09-27
uzytkownik/faktury.md#wystawianie-faktury                                          Invoice                doc    f837e0  reviewer@intum.com  2026-09-27
uzytkownik/faktury.md#wystawianie-faktury                                          InvoiceNumber          {}     68314b  reviewer@intum.com  2026-09-27
uzytkownik/faktury.md#wystawianie-faktury                                          Nip                    {}     76aa1f  reviewer@intum.com  2026-09-27
uzytkownik/faktury.md#wystawianie-faktury                                          Percent                {}     0424ef  reviewer@intum.com  2026-09-27
uzytkownik/faktury.md#wystawianie-faktury                                          issue_invoice          doc    86788f  reviewer@intum.com  2026-09-27
uzytkownik/faktury.md#wystawianie-faktury                                          issue_invoice          {}     86788f  reviewer@intum.com  2026-09-27
uzytkownik/faktury.md#wystawianie-faktury                                          post_invoice           doc    61ad4b  reviewer@intum.com  2026-09-27
uzytkownik/faktury.md#wysyłka-e-mailem                                             post_send              doc    934822  reviewer@intum.com  2026-09-27
uzytkownik/faktury.md#wysyłka-e-mailem                                             send_invoice           doc    91bf7a  reviewer@intum.com  2026-09-27
uzytkownik/faktury.md#wysyłka-e-mailem                                             send_invoice           {}     91bf7a  reviewer@intum.com  2026-09-27
zalozenia.md#błędy                                                                 error_message          {}     49220b  reviewer@intum.com  2026-09-27
zalozenia.md#błędy                                                                 src/issuing.sowa       why    d3fd7b  reviewer@intum.com  2026-09-27
zalozenia.md#błędy                                                                 src/payments.sowa      why    fb8b02  reviewer@intum.com  2026-09-27
zalozenia.md#błędy                                                                 src/web.sowa           why    4ff835  reviewer@intum.com  2026-09-27
zalozenia.md#kwoty                                                                 src/invoice.sowa       why    e84c65  reviewer@intum.com  2026-09-27
zalozenia.md#kwoty                                                                 src/types.sowa         why    501e02  reviewer@intum.com  2026-09-27
zalozenia.md#nip                                                                   Nip                    why    76aa1f  reviewer@intum.com  2026-09-27
zalozenia.md#nip                                                                   Nip                    {}     76aa1f  reviewer@intum.com  2026-09-27
zalozenia.md#nip                                                                   read_nip               {}     95c43a  reviewer@intum.com  2026-09-27
zalozenia.md#obliczenia-i-uprawnienia                                              get_invoice            {}     bbdd54  reviewer@intum.com  2026-09-27
zalozenia.md#obliczenia-i-uprawnienia                                              handle                 {}     b80926  reviewer@intum.com  2026-09-27
zalozenia.md#obliczenia-i-uprawnienia                                              issue_invoice          {}     86788f  reviewer@intum.com  2026-09-27
zalozenia.md#obliczenia-i-uprawnienia                                              last_invoice_seq       {}     03c828  reviewer@intum.com  2026-09-27
zalozenia.md#obliczenia-i-uprawnienia                                              main                   {}     08588f  reviewer@intum.com  2026-09-27
zalozenia.md#obliczenia-i-uprawnienia                                              post_invoice           {}     61ad4b  reviewer@intum.com  2026-09-27
zalozenia.md#obliczenia-i-uprawnienia                                              send_invoice           {}     91bf7a  reviewer@intum.com  2026-09-27
zalozenia.md#obliczenia-i-uprawnienia                                              src/invoice.sowa       why    e84c65  reviewer@intum.com  2026-09-27
zalozenia.md#obliczenia-i-uprawnienia                                              src/issuing.sowa       why    d3fd7b  reviewer@intum.com  2026-09-27
zalozenia.md#obliczenia-i-uprawnienia                                              src/main.sowa          why    08588f  reviewer@intum.com  2026-09-27
zalozenia.md#obliczenia-i-uprawnienia                                              src/web.sowa           why    4ff835  reviewer@intum.com  2026-09-27
